
Microsoft Visual Studio Solution File, Format Version 12.00
# Visual Studio Version 17
VisualStudioVersion = 17.4.33213.308
MinimumVisualStudioVersion = 10.0.40219.1
Project("{9A19103F-16F7-4668-BE54-9A1E7A4F7556}") = "FoodPortal", "FigmaFoodPortal\FoodPortal.csproj", "{00DF2282-A553-48E7-962E-957CEA9E99F6}"
EndProject
Project("{9A19103F-16F7-4668-BE54-9A1E7A4F7556}") = "FoodPortalTestProject", "FoodPortalTestProject\FoodPortalTestProject.csproj", "{BAE7986E-CFE3-42EB-8875-42C6D9382F43}"
EndProject
Global
	GlobalSection(SolutionConfigurationPlatforms) = preSolution
		Debug|Any CPU = Debug|Any CPU
		Release|Any CPU = Release|Any CPU
	EndGlobalSection
	GlobalSection(ProjectConfigurationPlatforms) = postSolution
		{00DF2282-A553-48E7-962E-957CEA9E99F6}.Debug|Any CPU.ActiveCfg = Debug|Any CPU
		{00DF2282-A553-48E7-962E-957CEA9E99F6}.Debug|Any CPU.Build.0 = Debug|Any CPU
		{00DF2282-A553-48E7-962E-957CEA9E99F6}.Release|Any CPU.ActiveCfg = Release|Any CPU
		{00DF2282-A553-48E7-962E-957CEA9E99F6}.Release|Any CPU.Build.0 = Release|Any CPU
		{BAE7986E-CFE3-42EB-8875-42C6D9382F43}.Debug|Any CPU.ActiveCfg = Debug|Any CPU
		{BAE7986E-CFE3-42EB-8875-42C6D9382F43}.Debug|Any CPU.Build.0 = Debug|Any CPU
		{BAE7986E-CFE3-42EB-8875-42C6D9382F43}.Release|Any CPU.ActiveCfg = Release|Any CPU
		{BAE7986E-CFE3-42EB-8875-42C6D9382F43}.Release|Any CPU.Build.0 = Release|Any CPU
	EndGlobalSection
	GlobalSection(SolutionProperties) = preSolution
		HideSolutionNode = FALSE
	EndGlobalSection
	GlobalSection(ExtensibilityGlobals) = postSolution
		SolutionGuid = {F02E12AD-FC34-40A3-86FA-43C4C6B9F8C4}
	EndGlobalSection
EndGlobal
